[root]
name = "sqlite_test"
version = "0.0.1"
dependencies = [
 "sqlite3 0.1.0 (git+https://github.com/linuxfood/rustsqlite.git)",
]

[[package]]
name = "log"
version = "0.2.5"
source = "registry+https://github.com/rust-lang/crates.io-index"

[[package]]
name = "sqlite3"
version = "0.1.0"
source = "git+https://github.com/linuxfood/rustsqlite.git#df5a23859e679e453b573aa5625b7c9ae3997783"
dependencies = [
 "log 0.2.5 (registry+https://github.com/rust-lang/crates.io-index)",
]

